# THIS IS AN AUTOGENERATED FILE. DO NOT EDIT THIS FILE DIRECTLY.
# yarn lockfile v1


mime@>=2.0.3:
  version "2.4.6"
  resolved "https://registry.yarnpkg.com/mime/-/mime-2.4.6.tgz#e5b407c90db442f2beb5b162373d07b69affa4d1"
  integrity sha512-RZKhC3EmpBchfTGBVb8fb+RL2cWyw/32lshnsETttkBAyAUXSGHxbEJWWRXc751DrIxG1q04b8QwMbAwkRPpUA==

opener@1:
  version "1.5.1"
  resolved "https://registry.yarnpkg.com/opener/-/opener-1.5.1.tgz#6d2f0e77f1a0af0032aca716c2c1fbb8e7e8abed"
  integrity sha512-goYSy5c2UXE4Ra1xixabeVh1guIX/ZV/YokJksb6q2lubWu6UbvPQ20p542/sFIll1nl8JnCyK9oBaOcCWXwvA==

rollup-plugin-serve@^1.0.1:
  version "1.0.1"
  resolved "https://registry.yarnpkg.com/rollup-plugin-serve/-/rollup-plugin-serve-1.0.1.tgz#2da2a784a916c5564609c7696cd9dacdbf17f6cc"
  integrity sha512-bni0pb4s1YLvn1xBmj+dH1OsLdp8gWA4zqh3yuEtT6/YHhg3nDneGU2GwMcRDQwY2tXzuI0uSeAlF1rY+ODitg==
  dependencies:
    mime ">=2.0.3"
    opener "1"
